
Microsoft Visual Studio Solution File, Format Version 12.00
# Visual Studio Version 16
VisualStudioVersion = 16.0.810.6
MinimumVisualStudioVersion = 10.0.40219.1
Project("{FAE04EC0-301F-11D3-BF4B-00C04F79EFBC}") = "zweiterversuchGame", "zweiterversuchGame\zweiterversuchGame.csproj", "{FFC16CA3-E4C5-4825-91C9-B83EF01578B3}"
EndProject
Global
	GlobalSection(SolutionConfigurationPlatforms) = preSolution
		Debug|Any CPU = Debug|Any CPU
		Release|Any CPU = Release|Any CPU
	EndGlobalSection
	GlobalSection(ProjectConfigurationPlatforms) = postSolution
		{FFC16CA3-E4C5-4825-91C9-B83EF01578B3}.Debug|Any CPU.ActiveCfg = Debug|Any CPU
		{FFC16CA3-E4C5-4825-91C9-B83EF01578B3}.Debug|Any CPU.Build.0 = Debug|Any CPU
		{FFC16CA3-E4C5-4825-91C9-B83EF01578B3}.Release|Any CPU.ActiveCfg = Release|Any CPU
		{FFC16CA3-E4C5-4825-91C9-B83EF01578B3}.Release|Any CPU.Build.0 = Release|Any CPU
	EndGlobalSection
	GlobalSection(SolutionProperties) = preSolution
		HideSolutionNode = FALSE
	EndGlobalSection
	GlobalSection(ExtensibilityGlobals) = postSolution
		SolutionGuid = {470CD76F-D279-4E91-9DE3-287919A2E137}
	EndGlobalSection
EndGlobal
